
Microsoft Visual Studio Solution File, Format Version 12.00
# Visual Studio Version 17
VisualStudioVersion = 17.6.33723.286
MinimumVisualStudioVersion = 10.0.40219.1
Project("{FAE04EC0-301F-11D3-BF4B-00C04F79EFBC}") = "UserManager", "UserManager.csproj", "{44D78B65-9BFC-4D12-8ACC-27E851B67097}"
EndProject
Project("{FAE04EC0-301F-11D3-BF4B-00C04F79EFBC}") = "UserManager.DataAccess", "..\UserManager.DataAccess\UserManager.DataAccess.csproj", "{E01AB660-30F9-4A47-ADBC-93BB4508328C}"
EndProject
Project("{FAE04EC0-301F-11D3-BF4B-00C04F79EFBC}") = "UserManager.API", "..\UserManager.API\UserManager.API.csproj", "{E138A958-996D-4F9D-8427-739655B8E74A}"
EndProject
Project("{FAE04EC0-301F-11D3-BF4B-00C04F79EFBC}") = "UserManager.BusinessLogic", "..\UserManager.BusinessLogic\UserManager.BusinessLogic.csproj", "{3B50CDC0-187F-4DA7-BA68-25387FFC9550}"
EndProject
Global
	GlobalSection(SolutionConfigurationPlatforms) = preSolution
		Debug|Any CPU = Debug|Any CPU
		Release|Any CPU = Release|Any CPU
	EndGlobalSection
	GlobalSection(ProjectConfigurationPlatforms) = postSolution
		{44D78B65-9BFC-4D12-8ACC-27E851B67097}.Debug|Any CPU.ActiveCfg = Debug|Any CPU
		{44D78B65-9BFC-4D12-8ACC-27E851B67097}.Debug|Any CPU.Build.0 = Debug|Any CPU
		{44D78B65-9BFC-4D12-8ACC-27E851B67097}.Release|Any CPU.ActiveCfg = Release|Any CPU
		{44D78B65-9BFC-4D12-8ACC-27E851B67097}.Release|Any CPU.Build.0 = Release|Any CPU
		{E01AB660-30F9-4A47-ADBC-93BB4508328C}.Debug|Any CPU.ActiveCfg = Debug|Any CPU
		{E01AB660-30F9-4A47-ADBC-93BB4508328C}.Debug|Any CPU.Build.0 = Debug|Any CPU
		{E01AB660-30F9-4A47-ADBC-93BB4508328C}.Release|Any CPU.ActiveCfg = Release|Any CPU
		{E01AB660-30F9-4A47-ADBC-93BB4508328C}.Release|Any CPU.Build.0 = Release|Any CPU
		{E138A958-996D-4F9D-8427-739655B8E74A}.Debug|Any CPU.ActiveCfg = Debug|Any CPU
		{E138A958-996D-4F9D-8427-739655B8E74A}.Debug|Any CPU.Build.0 = Debug|Any CPU
		{E138A958-996D-4F9D-8427-739655B8E74A}.Release|Any CPU.ActiveCfg = Release|Any CPU
		{E138A958-996D-4F9D-8427-739655B8E74A}.Release|Any CPU.Build.0 = Release|Any CPU
		{3B50CDC0-187F-4DA7-BA68-25387FFC9550}.Debug|Any CPU.ActiveCfg = Debug|Any CPU
		{3B50CDC0-187F-4DA7-BA68-25387FFC9550}.Debug|Any CPU.Build.0 = Debug|Any CPU
		{3B50CDC0-187F-4DA7-BA68-25387FFC9550}.Release|Any CPU.ActiveCfg = Release|Any CPU
		{3B50CDC0-187F-4DA7-BA68-25387FFC9550}.Release|Any CPU.Build.0 = Release|Any CPU
	EndGlobalSection
	GlobalSection(SolutionProperties) = preSolution
		HideSolutionNode = FALSE
	EndGlobalSection
	GlobalSection(ExtensibilityGlobals) = postSolution
		SolutionGuid = {55B0F995-568F-4201-9496-0CEF33140691}
	EndGlobalSection
EndGlobal
